
Microsoft Visual Studio Solution File, Format Version 12.00
# Visual Studio Version 17
VisualStudioVersion = 17.13.35913.81 d17.13
MinimumVisualStudioVersion = 10.0.40219.1
Project("{FAE04EC0-301F-11D3-BF4B-00C04F79EFBC}") = "SelfServiceKioskSystem", "SelfServiceKioskSystem\SelfServiceKioskSystem.csproj", "{8F36FD5E-0EE2-442C-BCCA-0EF4A9744306}"
EndProject
Global
	GlobalSection(SolutionConfigurationPlatforms) = preSolution
		Debug|Any CPU = Debug|Any CPU
		Release|Any CPU = Release|Any CPU
	EndGlobalSection
	GlobalSection(ProjectConfigurationPlatforms) = postSolution
		{8F36FD5E-0EE2-442C-BCCA-0EF4A9744306}.Debug|Any CPU.ActiveCfg = Debug|Any CPU
		{8F36FD5E-0EE2-442C-BCCA-0EF4A9744306}.Debug|Any CPU.Build.0 = Debug|Any CPU
		{8F36FD5E-0EE2-442C-BCCA-0EF4A9744306}.Release|Any CPU.ActiveCfg = Release|Any CPU
		{8F36FD5E-0EE2-442C-BCCA-0EF4A9744306}.Release|Any CPU.Build.0 = Release|Any CPU
	EndGlobalSection
	GlobalSection(SolutionProperties) = preSolution
		HideSolutionNode = FALSE
	EndGlobalSection
	GlobalSection(ExtensibilityGlobals) = postSolution
		SolutionGuid = {6226B874-9D74-4EEB-9EA6-30947AED7C68}
	EndGlobalSection
EndGlobal
